# This file is @generated by PDM.
# It is not intended for manual editing.

[metadata]
groups = ["default", "test"]
strategy = ["cross_platform", "inherit_metadata"]
lock_version = "4.4.1"
content_hash = "sha256:2333abf9a376af32f5727c41af8fb2235d941438bd03570352893f6cdf0bcd05"

[[package]]
name = "altgraph"
version = "0.17.4"
summary = "Python graph (network) package"
groups = ["test"]
files = [
    {file = "altgraph-0.17.4-py2.py3-none-any.whl", hash = "sha256:642743b4750de17e655e6711601b077bc6598dbfa3ba5fa2b2a35ce12b508dff"},
    {file = "altgraph-0.17.4.tar.gz", hash = "sha256:1b5afbb98f6c4dcadb2e2ae6ab9fa994bbb8c1d75f4fa96d340f9437ae454406"},
]

[[package]]
name = "colorama"
version = "0.4.6"
requires_python = "!=3.0.*,!=3.1.*,!=3.2.*,!=3.3.*,!=3.4.*,!=3.5.*,!=3.6.*,>=2.7"
summary = "Cross-platform colored terminal text."
groups = ["test"]
marker = "sys_platform == \"win32\""
files = [
    {file = "colorama-0.4.6-py2.py3-none-any.whl", hash = "sha256:4f1d9991f5acc0ca119f9d443620b77f9d6b33703e51011c16baf57afb285fc6"},
    {file = "colorama-0.4.6.tar.gz", hash = "sha256:08695f5cb7ed6e0531a20572697297273c47b8cae5a63ffc6d6ed5c201be6e44"},
]

[[package]]
name = "evdev"
version = "1.6.1"
summary = "Bindings to the Linux input handling subsystem"
groups = ["default"]
marker = "\"linux\" in sys_platform"
files = [
    {file = "evdev-1.6.1.tar.gz", hash = "sha256:299db8628cc73b237fc1cc57d3c2948faa0756e2a58b6194b5bf81dc2081f1e3"},
]

[[package]]
name = "hdpitkinter"
version = "1.0.3"
summary = "Sharpen blurry Tkinter scaling on Windows 10 high DPI displays"
groups = ["default"]
files = [
    {file = "hdpitkinter-1.0.3-py3-none-any.whl", hash = "sha256:7d1c596ac0ec9cc87b2b8cb208626d886971221b97e43779854e2f2a26ee0871"},
    {file = "hdpitkinter-1.0.3.tar.gz", hash = "sha256:ddfb9c14f5e316d3511a1e908cf5f917e331eb22f9a008b0a08eedda5fef9eee"},
]

[[package]]
name = "iniconfig"
version = "2.0.0"
requires_python = ">=3.7"
summary = "brain-dead simple config-ini parsing"
groups = ["test"]
files = [
    {file = "iniconfig-2.0.0-py3-none-any.whl", hash = "sha256:b6a85871a79d2e3b22d2d1b94ac2824226a63c6b741c88f7ae975f18b6778374"},
    {file = "iniconfig-2.0.0.tar.gz", hash = "sha256:2d91e135bf72d31a410b17c16da610a82cb55f6b0477d1a902134b24a455b8b3"},
]

[[package]]
name = "macholib"
version = "1.16.3"
summary = "Mach-O header analysis and editing"
groups = ["test"]
marker = "sys_platform == \"darwin\""
dependencies = [
    "altgraph>=0.17",
]
files = [
    {file = "macholib-1.16.3-py2.py3-none-any.whl", hash = "sha256:0e315d7583d38b8c77e815b1ecbdbf504a8258d8b3e17b61165c6feb60d18f2c"},
    {file = "macholib-1.16.3.tar.gz", hash = "sha256:07ae9e15e8e4cd9a788013d81f5908b3609aa76f9b1421bae9c4d7606ec86a30"},
]

[[package]]
name = "numpy"
version = "1.24.4"
requires_python = ">=3.8"
summary = "Fundamental package for array computing in Python"
groups = ["default"]
files = [
    {file = "numpy-1.24.4-cp311-cp311-macosx_10_9_x86_64.whl", hash = "sha256:f136bab9c2cfd8da131132c2cf6cc27331dd6fae65f95f69dcd4ae3c3639c810"},
    {file = "numpy-1.24.4-cp311-cp311-macosx_11_0_arm64.whl", hash = "sha256:e2926dac25b313635e4d6cf4dc4e51c8c0ebfed60b801c799ffc4c32bf3d1254"},
    {file = "numpy-1.24.4-cp311-cp311-manylinux_2_17_aarch64.manylinux2014_aarch64.whl", hash = "sha256:222e40d0e2548690405b0b3c7b21d1169117391c2e82c378467ef9ab4c8f0da7"},
    {file = "numpy-1.24.4-cp311-cp311-manylinux_2_17_x86_64.manylinux2014_x86_64.whl", hash = "sha256:7215847ce88a85ce39baf9e89070cb860c98fdddacbaa6c0da3ffb31b3350bd5"},
    {file = "numpy-1.24.4-cp311-cp311-win32.whl", hash = "sha256:4979217d7de511a8d57f4b4b5b2b965f707768440c17cb70fbf254c4b225238d"},
    {file = "numpy-1.24.4-cp311-cp311-win_amd64.whl", hash = "sha256:b7b1fc9864d7d39e28f41d089bfd6353cb5f27ecd9905348c24187a768c79694"},
    {file = "numpy-1.24.4-pp38-pypy38_pp73-macosx_10_9_x86_64.whl", hash = "sha256:31f13e25b4e304632a4619d0e0777662c2ffea99fcae2029556b17d8ff958aef"},
    {file = "numpy-1.24.4-pp38-pypy38_pp73-manylinux_2_17_x86_64.manylinux2014_x86_64.whl", hash = "sha256:95f7ac6540e95bc440ad77f56e520da5bf877f87dca58bd095288dce8940532a"},
    {file = "numpy-1.24.4-pp38-pypy38_pp73-win_amd64.whl", hash = "sha256:e98f220aa76ca2a977fe435f5b04d7b3470c0a2e6312907b37ba6068f26787f2"},
    {file = "numpy-1.24.4.tar.gz", hash = "sha256:80f5e3a4e498641401868df4208b74581206afbee7cf7b8329daae82676d9463"},
]

[[package]]
name = "packaging"
version = "23.2"
requires_python = ">=3.7"
summary = "Core utilities for Python packages"
groups = ["test"]
files = [
    {file = "packaging-23.2-py3-none-any.whl", hash = "sha256:8c491190033a9af7e1d931d0b5dacc2ef47509b34dd0de67ed209b5203fc88c7"},
    {file = "packaging-23.2.tar.gz", hash = "sha256:048fb0e9405036518eaaf48a55953c750c11e1a1b68e0dd1a9d62ed0c092cfc5"},
]

[[package]]
name = "pefile"
version = "2023.2.7"
requires_python = ">=3.6.0"
summary = "Python PE parsing module"
groups = ["test"]
marker = "sys_platform == \"win32\""
files = [
    {file = "pefile-2023.2.7-py3-none-any.whl", hash = "sha256:da185cd2af68c08a6cd4481f7325ed600a88f6a813bad9dea07ab3ef73d8d8d6"},
    {file = "pefile-2023.2.7.tar.gz", hash = "sha256:82e6114004b3d6911c77c3953e3838654b04511b8b66e8583db70c65998017dc"},
]

[[package]]
name = "pillow"
version = "10.2.0"
requires_python = ">=3.8"
summary = "Python Imaging Library (Fork)"
groups = ["default"]
files = [
    {file = "pillow-10.2.0-cp311-cp311-macosx_10_10_x86_64.whl", hash = "sha256:35bb52c37f256f662abdfa49d2dfa6ce5d93281d323a9af377a120e89a9eafb5"},
    {file = "pillow-10.2.0-cp311-cp311-macosx_11_0_arm64.whl", hash = "sha256:9c23f307202661071d94b5e384e1e1dc7dfb972a28a2310e4ee16103e66ddb67"},
    {file = "pillow-10.2.0-cp311-cp311-manylinux_2_17_aarch64.manylinux2014_aarch64.whl", hash = "sha256:773efe0603db30c281521a7c0214cad7836c03b8ccff897beae9b47c0b657d61"},
    {file = "pillow-10.2.0-cp311-cp311-manylinux_2_17_x86_64.manylinux2014_x86_64.whl", hash = "sha256:11fa2e5984b949b0dd6d7a94d967743d87c577ff0b83392f17cb3990d0d2fd6e"},
    {file = "pillow-10.2.0-cp311-cp311-manylinux_2_28_aarch64.whl", hash = "sha256:716d30ed977be8b37d3ef185fecb9e5a1d62d110dfbdcd1e2a122ab46fddb03f"},
    {file = "pillow-10.2.0-cp311-cp311-manylinux_2_28_x86_64.whl", hash = "sha256:a086c2af425c5f62a65e12fbf385f7c9fcb8f107d0849dba5839461a129cf311"},
    {file = "pillow-10.2.0-cp311-cp311-musllinux_1_1_aarch64.whl", hash = "sha256:c8de2789052ed501dd829e9cae8d3dcce7acb4777ea4a479c14521c942d395b1"},
    {file = "pillow-10.2.0-cp311-cp311-musllinux_1_1_x86_64.whl", hash = "sha256:609448742444d9290fd687940ac0b57fb35e6fd92bdb65386e08e99af60bf757"},
    {file = "pillow-10.2.0-cp311-cp311-win32.whl", hash = "sha256:823ef7a27cf86df6597fa0671066c1b596f69eba53efa3d1e1cb8b30f3533068"},
    {file = "pillow-10.2.0-cp311-cp311-win_amd64.whl", hash = "sha256:1da3b2703afd040cf65ec97efea81cfba59cdbed9c11d8efc5ab09df9509fc56"},
    {file = "pillow-10.2.0-cp311-cp311-win_arm64.whl", hash = "sha256:edca80cbfb2b68d7b56930b84a0e45ae1694aeba0541f798e908a49d66b837f1"},
    {file = "pillow-10.2.0-pp310-pypy310_pp73-macosx_10_10_x86_64.whl", hash = "sha256:322209c642aabdd6207517e9739c704dc9f9db943015535783239022002f054a"},
    {file = "pillow-10.2.0-pp310-pypy310_pp73-manylinux_2_17_aarch64.manylinux2014_aarch64.whl", hash = "sha256:3eedd52442c0a5ff4f887fab0c1c0bb164d8635b32c894bc1faf4c618dd89df2"},
    {file = "pillow-10.2.0-pp310-pypy310_pp73-manylinux_2_17_x86_64.manylinux2014_x86_64.whl", hash = "sha256:cb28c753fd5eb3dd859b4ee95de66cc62af91bcff5db5f2571d32a520baf1f04"},
    {file = "pillow-10.2.0-pp310-pypy310_pp73-manylinux_2_28_aarch64.whl", hash = "sha256:33870dc4653c5017bf4c8873e5488d8f8d5f8935e2f1fb9a2208c47cdd66efd2"},
    {file = "pillow-10.2.0-pp310-pypy310_pp73-manylinux_2_28_x86_64.whl", hash = "sha256:3c31822339516fb3c82d03f30e22b1d038da87ef27b6a78c9549888f8ceda39a"},
    {file = "pillow-10.2.0-pp310-pypy310_pp73-win_amd64.whl", hash = "sha256:a2b56ba36e05f973d450582fb015594aaa78834fefe8dfb8fcd79b93e64ba4c6"},
    {file = "pillow-10.2.0-pp38-pypy38_pp73-win_amd64.whl", hash = "sha256:d8e6aeb9201e655354b3ad049cb77d19813ad4ece0df1249d3c793de3774f8c7"},
    {file = "pillow-10.2.0-pp39-pypy39_pp73-macosx_10_10_x86_64.whl", hash = "sha256:2247178effb34a77c11c0e8ac355c7a741ceca0a732b27bf11e747bbc950722f"},
    {file = "pillow-10.2.0-pp39-pypy39_pp73-manylinux_2_17_aarch64.manylinux2014_aarch64.whl", hash = "sha256:15587643b9e5eb26c48e49a7b33659790d28f190fc514a322d55da2fb5c2950e"},
    {file = "pillow-10.2.0-pp39-pypy39_pp73-manylinux_2_17_x86_64.manylinux2014_x86_64.whl", hash = "sha256:753cd8f2086b2b80180d9b3010dd4ed147efc167c90d3bf593fe2af21265e5a5"},
    {file = "pillow-10.2.0-pp39-pypy39_pp73-manylinux_2_28_aarch64.whl", hash = "sha256:7c8f97e8e7a9009bcacbe3766a36175056c12f9a44e6e6f2d5caad06dcfbf03b"},
    {file = "pillow-10.2.0-pp39-pypy39_pp73-manylinux_2_28_x86_64.whl", hash = "sha256:d1b35bcd6c5543b9cb547dee3150c93008f8dd0f1fef78fc0cd2b141c5baf58a"},
    {file = "pillow-10.2.0-pp39-pypy39_pp73-win_amd64.whl", hash = "sha256:fe4c15f6c9285dc54ce6553a3ce908ed37c8f3825b5a51a15c91442bb955b868"},
    {file = "pillow-10.2.0.tar.gz", hash = "sha256:e87f0b2c78157e12d7686b27d63c070fd65d994e8ddae6f328e0dcf4a0cd007e"},
]

[[package]]
name = "pluggy"
version = "1.3.0"
requires_python = ">=3.8"
summary = "plugin and hook calling mechanisms for python"
groups = ["test"]
files = [
    {file = "pluggy-1.3.0-py3-none-any.whl", hash = "sha256:d89c696a773f8bd377d18e5ecda92b7a3793cbe66c87060a6fb58c7b6e1061f7"},
    {file = "pluggy-1.3.0.tar.gz", hash = "sha256:cf61ae8f126ac6f7c451172cf30e3e43d3ca77615509771b3a984a0730651e12"},
]

[[package]]
name = "pydantic"
version = "1.10.12"
requires_python = ">=3.7"
summary = "Data validation and settings management using python type hints"
groups = ["default"]
dependencies = [
    "typing-extensions>=4.2.0",
]
files = [
    {file = "pydantic-1.10.12-cp311-cp311-macosx_10_9_x86_64.whl", hash = "sha256:b0d191db0f92dfcb1dec210ca244fdae5cbe918c6050b342d619c09d31eea0cc"},
    {file = "pydantic-1.10.12-cp311-cp311-macosx_11_0_arm64.whl", hash = "sha256:795e34e6cc065f8f498c89b894a3c6da294a936ee71e644e4bd44de048af1405"},
    {file = "pydantic-1.10.12-cp311-cp311-manylinux_2_17_x86_64.manylinux2014_x86_64.whl", hash = "sha256:69328e15cfda2c392da4e713443c7dbffa1505bc9d566e71e55abe14c97ddc62"},
    {file = "pydantic-1.10.12-cp311-cp311-manylinux_2_5_i686.manylinux1_i686.manylinux_2_17_i686.manylinux2014_i686.whl", hash = "sha256:2031de0967c279df0d8a1c72b4ffc411ecd06bac607a212892757db7462fc494"},
    {file = "pydantic-1.10.12-cp311-cp311-musllinux_1_1_i686.whl", hash = "sha256:ba5b2e6fe6ca2b7e013398bc7d7b170e21cce322d266ffcd57cca313e54fb246"},
    {file = "pydantic-1.10.12-cp311-cp311-musllinux_1_1_x86_64.whl", hash = "sha256:2a7bac939fa326db1ab741c9d7f44c565a1d1e80908b3797f7f81a4f86bc8d33"},
    {file = "pydantic-1.10.12-cp311-cp311-win_amd64.whl", hash = "sha256:87afda5539d5140cb8ba9e8b8c8865cb5b1463924d38490d73d3ccfd80896b3f"},
    {file = "pydantic-1.10.12-py3-none-any.whl", hash = "sha256:b749a43aa51e32839c9d71dc67eb1e4221bb04af1033a32e3923d46f9effa942"},
    {file = "pydantic-1.10.12.tar.gz", hash = "sha256:0fe8a415cea8f340e7a9af9c54fc71a649b43e8ca3cc732986116b3cb135d303"},
]

[[package]]
name = "pyinstaller"
version = "6.3.0"
requires_python = "<3.13,>=3.8"
summary = "PyInstaller bundles a Python application and all its dependencies into a single package."
groups = ["test"]
dependencies = [
    "altgraph",
    "macholib>=1.8; sys_platform == \"darwin\"",
    "packaging>=22.0",
    "pefile>=2022.5.30; sys_platform == \"win32\"",
    "pyinstaller-hooks-contrib>=2021.4",
    "pywin32-ctypes>=0.2.1; sys_platform == \"win32\"",
    "setuptools>=42.0.0",
]
files = [
    {file = "pyinstaller-6.3.0-py3-none-macosx_10_13_universal2.whl", hash = "sha256:75a6f2a6f835a2e6e0899d10e60c10caf5defd25aced38b1dd48fbbabc89de07"},
    {file = "pyinstaller-6.3.0-py3-none-manylinux2014_aarch64.whl", hash = "sha256:de25beb176f73a944758553caacec46cc665bf3910ad8a174706d79cf6e95340"},
    {file = "pyinstaller-6.3.0-py3-none-manylinux2014_i686.whl", hash = "sha256:e436fcc0ea87c3f132baac916d508c24c84a8f6d8a06c3154fbc753f169b76c7"},
    {file = "pyinstaller-6.3.0-py3-none-manylinux2014_ppc64le.whl", hash = "sha256:b721d793a33b6d9946c7dd95d3ea7589c0424b51cf1b9fe580f03c544f1336b2"},
    {file = "pyinstaller-6.3.0-py3-none-manylinux2014_s390x.whl", hash = "sha256:96c37a1ee5b2fd5bb25c098ef510661d6d17b6515d0b86d8fc93727dd2475ba3"},
    {file = "pyinstaller-6.3.0-py3-none-manylinux2014_x86_64.whl", hash = "sha256:abe91106a3bbccc3f3a27af4325676ecdb6f46cb842ac663625002a870fc503b"},
    {file = "pyinstaller-6.3.0-py3-none-musllinux_1_1_aarch64.whl", hash = "sha256:41c937fe8f07ae02009b3b5a96ac3eb0800a4f8a97af142d4100060fe2135bb9"},
    {file = "pyinstaller-6.3.0-py3-none-musllinux_1_1_x86_64.whl", hash = "sha256:886b3b995b674905a20ad5b720b47cc395897d7b391117831027a4c8c5d67a58"},
    {file = "pyinstaller-6.3.0-py3-none-win32.whl", hash = "sha256:0597fb04337695e5cc5250253e0655530bf14f264b7a5b7d219cc65f6889c4bd"},
    {file = "pyinstaller-6.3.0-py3-none-win_amd64.whl", hash = "sha256:156b32ba943e0090bcc68e40ae1cb68fd92b7f1ab6fe0bdf8faf3d3cfc4e12dd"},
    {file = "pyinstaller-6.3.0-py3-none-win_arm64.whl", hash = "sha256:1eadbd1fae84e2e6c678d8b4ed6a232ec5c8fe3a839aea5a3071c4c0282f98cc"},
    {file = "pyinstaller-6.3.0.tar.gz", hash = "sha256:914d4c96cc99472e37ac552fdd82fbbe09e67bb592d0717fcffaa99ea74273df"},
]

[[package]]
name = "pyinstaller-hooks-contrib"
version = "2024.0"
requires_python = ">=3.7"
summary = "Community maintained hooks for PyInstaller"
groups = ["test"]
dependencies = [
    "packaging>=22.0",
    "setuptools>=42.0.0",
]
files = [
    {file = "pyinstaller-hooks-contrib-2024.0.tar.gz", hash = "sha256:a7118c1a5c9788595e5c43ad058a7a5b7b6d59e1eceb42362f6ec1f0b61986b0"},
    {file = "pyinstaller_hooks_contrib-2024.0-py2.py3-none-any.whl", hash = "sha256:469b5690df53223e2e8abffb2e44d6ee596e7d79d4b1eed9465123b67439875a"},
]

[[package]]
name = "pynput"
version = "1.7.6"
summary = "Monitor and control user input devices"
groups = ["default"]
dependencies = [
    "evdev>=1.3; \"linux\" in sys_platform",
    "pyobjc-framework-ApplicationServices>=8.0; sys_platform == \"darwin\"",
    "pyobjc-framework-Quartz>=8.0; sys_platform == \"darwin\"",
    "python-xlib>=0.17; \"linux\" in sys_platform",
    "six",
]
files = [
    {file = "pynput-1.7.6-py2.py3-none-any.whl", hash = "sha256:19861b2a0c430d646489852f89500e0c9332e295f2c020e7c2775e7046aa2e2f"},
    {file = "pynput-1.7.6.tar.gz", hash = "sha256:3a5726546da54116b687785d38b1db56997ce1d28e53e8d22fc656d8b92e533c"},
]

[[package]]
name = "pyobjc-core"
version = "10.1"
requires_python = ">=3.8"
summary = "Python<->ObjC Interoperability Module"
groups = ["default"]
marker = "sys_platform == \"darwin\""
files = [
    {file = "pyobjc-core-10.1.tar.gz", hash = "sha256:1844f1c8e282839e6fdcb9a9722396c1c12fb1e9331eb68828a26f28a3b2b2b1"},
    {file = "pyobjc_core-10.1-cp311-cp311-macosx_10_9_universal2.whl", hash = "sha256:fe1b9987b7b0437685fb529832876c2a8463500114960d4e76bb8ae96b6bf208"},
]

[[package]]
name = "pyobjc-framework-applicationservices"
version = "10.1"
requires_python = ">=3.8"
summary = "Wrappers for the framework ApplicationServices on macOS"
groups = ["default"]
marker = "sys_platform == \"darwin\""
dependencies = [
    "pyobjc-core>=10.1",
    "pyobjc-framework-Cocoa>=10.1",
    "pyobjc-framework-CoreText>=10.1",
    "pyobjc-framework-Quartz>=10.1",
]
files = [
    {file = "pyobjc-framework-ApplicationServices-10.1.tar.gz", hash = "sha256:bb780eabadad0fbf36a128041dccfd71e30bbeb6b110852d37fd5c98f4a2ec04"},
    {file = "pyobjc_framework_ApplicationServices-10.1-cp311-cp311-macosx_10_9_universal2.whl", hash = "sha256:ff352c33cad3f7bf8dd9b955ebb5db02d451d88eb04478d83edf0edd0cc8bf5d"},
]

[[package]]
name = "pyobjc-framework-cocoa"
version = "10.1"
requires_python = ">=3.8"
summary = "Wrappers for the Cocoa frameworks on macOS"
groups = ["default"]
marker = "sys_platform == \"darwin\""
dependencies = [
    "pyobjc-core>=10.1",
]
files = [
    {file = "pyobjc-framework-Cocoa-10.1.tar.gz", hash = "sha256:8faaf1292a112e488b777d0c19862d993f3f384f3927dc6eca0d8d2221906a14"},
    {file = "pyobjc_framework_Cocoa-10.1-cp311-cp311-macosx_10_9_universal2.whl", hash = "sha256:0860a9beb7e5c72a1f575679a6d1428a398fa19ad710fb116df899972912e304"},
]

[[package]]
name = "pyobjc-framework-coretext"
version = "10.1"
requires_python = ">=3.8"
summary = "Wrappers for the framework CoreText on macOS"
groups = ["default"]
marker = "sys_platform == \"darwin\""
dependencies = [
    "pyobjc-core>=10.1",
    "pyobjc-framework-Cocoa>=10.1",
    "pyobjc-framework-Quartz>=10.1",
]
files = [
    {file = "pyobjc-framework-CoreText-10.1.tar.gz", hash = "sha256:b6a112e2ae8720be42af19e0fe9b866b43d7e9196726caa366d61d18294e6248"},
    {file = "pyobjc_framework_CoreText-10.1-cp311-cp311-macosx_10_9_universal2.whl", hash = "sha256:37b203d832dd82bd9566c72eea815eb89f00f128a4c9a2f352843914da4effec"},
]

[[package]]
name = "pyobjc-framework-quartz"
version = "10.1"
requires_python = ">=3.8"
summary = "Wrappers for the Quartz frameworks on macOS"
groups = ["default"]
marker = "sys_platform == \"darwin\""
dependencies = [
    "pyobjc-core>=10.1",
    "pyobjc-framework-Cocoa>=10.1",
]
files = [
    {file = "pyobjc-framework-Quartz-10.1.tar.gz", hash = "sha256:b7439c0a3be9590d261cd2d340ba8dd24a75877b0be3ebce56e022a19cc05738"},
    {file = "pyobjc_framework_Quartz-10.1-cp311-cp311-macosx_10_9_universal2.whl", hash = "sha256:2ddcd18e96511e618ce43e288a043e25524c131f5e6d58775db7aaf15553d849"},
]

[[package]]
name = "pytest"
version = "7.4.4"
requires_python = ">=3.7"
summary = "pytest: simple powerful testing with Python"
groups = ["test"]
dependencies = [
    "colorama; sys_platform == \"win32\"",
    "iniconfig",
    "packaging",
    "pluggy<2.0,>=0.12",
]
files = [
    {file = "pytest-7.4.4-py3-none-any.whl", hash = "sha256:b090cdf5ed60bf4c45261be03239c2c1c22df034fbffe691abe93cd80cea01d8"},
    {file = "pytest-7.4.4.tar.gz", hash = "sha256:2cf0005922c6ace4a3e2ec8b4080eb0d9753fdc93107415332f50ce9e7994280"},
]

[[package]]
name = "python-xlib"
version = "0.33"
summary = "Python X Library"
groups = ["default"]
marker = "\"linux\" in sys_platform"
dependencies = [
    "six>=1.10.0",
]
files = [
    {file = "python-xlib-0.33.tar.gz", hash = "sha256:55af7906a2c75ce6cb280a584776080602444f75815a7aff4d287bb2d7018b32"},
    {file = "python_xlib-0.33-py2.py3-none-any.whl", hash = "sha256:c3534038d42e0df2f1392a1b30a15a4ff5fdc2b86cfa94f072bf11b10a164398"},
]

[[package]]
name = "pywin32-ctypes"
version = "0.2.2"
requires_python = ">=3.6"
summary = "A (partial) reimplementation of pywin32 using ctypes/cffi"
groups = ["test"]
marker = "sys_platform == \"win32\""
files = [
    {file = "pywin32-ctypes-0.2.2.tar.gz", hash = "sha256:3426e063bdd5fd4df74a14fa3cf80a0b42845a87e1d1e81f6549f9daec593a60"},
    {file = "pywin32_ctypes-0.2.2-py3-none-any.whl", hash = "sha256:bf490a1a709baf35d688fe0ecf980ed4de11d2b3e37b51e5442587a75d9957e7"},
]

[[package]]
name = "setuptools"
version = "69.0.3"
requires_python = ">=3.8"
summary = "Easily download, build, install, upgrade, and uninstall Python packages"
groups = ["test"]
files = [
    {file = "setuptools-69.0.3-py3-none-any.whl", hash = "sha256:385eb4edd9c9d5c17540511303e39a147ce2fc04bc55289c322b9e5904fe2c05"},
    {file = "setuptools-69.0.3.tar.gz", hash = "sha256:be1af57fc409f93647f2e8e4573a142ed38724b8cdd389706a867bb4efcf1e78"},
]

[[package]]
name = "six"
version = "1.16.0"
requires_python = ">=2.7, !=3.0.*, !=3.1.*, !=3.2.*"
summary = "Python 2 and 3 compatibility utilities"
groups = ["default"]
files = [
    {file = "six-1.16.0-py2.py3-none-any.whl", hash = "sha256:8abb2f1d86890a2dfb989f9a77cfcfd3e47c2a354b01111771326f8aa26e0254"},
    {file = "six-1.16.0.tar.gz", hash = "sha256:1e61c37477a1626458e36f7b1d82aa5c9b094fa4802892072e49de9c60c4c926"},
]

[[package]]
name = "ttkwidgets"
version = "0.13.0"
requires_python = ">=3.6"
summary = "A collection of widgets for Tkinter's ttk extensions by various authors "
groups = ["default"]
dependencies = [
    "pillow",
]
files = [
    {file = "ttkwidgets-0.13.0.tar.gz", hash = "sha256:9b1d69dffebef1820ee46b244469913d1911a563a15bb9b0823c71c950daead7"},
]

[[package]]
name = "typing-extensions"
version = "4.9.0"
requires_python = ">=3.8"
summary = "Backported and Experimental Type Hints for Python 3.8+"
groups = ["default"]
files = [
    {file = "typing_extensions-4.9.0-py3-none-any.whl", hash = "sha256:af72aea155e91adfc61c3ae9e0e342dbc0cba726d6cba4b6c72c1f34e47291cd"},
    {file = "typing_extensions-4.9.0.tar.gz", hash = "sha256:23478f88c37f27d76ac8aee6c905017a143b0b1b886c3c9f66bc2fd94f9f5783"},
]
